Microsoft Visual Studio Solution File, Format Version 12.00
# Visual Studio Version 17
VisualStudioVersion = 17.0.31903.59
MinimumVisualStudioVersion = 10.0.40219.1
Project("{FAE04EC0-301F-11D3-BF4B-00C04F79EFBC}") = "StrategyPattern", "StrategyPattern\StrategyPattern.csproj", "{A1B2C3D4-E5F6-7890-1234-567890ABCDEF}"
EndProject
Project("{FAE04EC0-301F-11D3-BF4B-00C04F79EFBC}") = "FactoryMethodPattern", "FactoryMethodPattern\FactoryMethodPattern.csproj", "{B2C3D4E5-F6A1-2345-6789-01BCDEFABCDE}"
EndProject
Project("{FAE04EC0-301F-11D3-BF4B-00C04F79EFBC}") = "DecoratorPattern", "DecoratorPattern\DecoratorPattern.csproj", "{C3D4E5F6-A1B2-3456-7890-12DEFABCDEF0}"
EndProject
Global
	GlobalSection(SolutionConfigurationPlatforms) = preSolution
		Debug|Any CPU = Debug|Any CPU
		Release|Any CPU = Release|Any CPU
	EndGlobalSection
	GlobalSection(ProjectConfigurationPlatforms) = postSolution
		{A1B2C3D4-E5F6-7890-1234-567890ABCDEF}.Debug|Any CPU.ActiveCfg = Debug|Any CPU
		{A1B2C3D4-E5F6-7890-1234-567890ABCDEF}.Debug|Any CPU.Build.0 = Debug|Any CPU
		{A1B2C3D4-E5F6-7890-1234-567890ABCDEF}.Release|Any CPU.ActiveCfg = Release|Any CPU
		{A1B2C3D4-E5F6-7890-1234-567890ABCDEF}.Release|Any CPU.Build.0 = Release|Any CPU
		{B2C3D4E5-F6A1-2345-6789-01BCDEFABCDE}.Debug|Any CPU.ActiveCfg = Debug|Any CPU
		{B2C3D4E5-F6A1-2345-6789-01BCDEFABCDE}.Debug|Any CPU.Build.0 = Debug|Any CPU
		{B2C3D4E5-F6A1-2345-6789-01BCDEFABCDE}.Release|Any CPU.ActiveCfg = Release|Any CPU
		{B2C3D4E5-F6A1-2345-6789-01BCDEFABCDE}.Release|Any CPU.Build.0 = Release|Any CPU
		{C3D4E5F6-A1B2-3456-7890-12DEFABCDEF0}.Debug|Any CPU.ActiveCfg = Debug|Any CPU
		{C3D4E5F6-A1B2-3456-7890-12DEFABCDEF0}.Debug|Any CPU.Build.0 = Debug|Any CPU
		{C3D4E5F6-A1B2-3456-7890-12DEFABCDEF0}.Release|Any CPU.ActiveCfg = Release|Any CPU
		{C3D4E5F6-A1B2-3456-7890-12DEFABCDEF0}.Release|Any CPU.Build.0 = Release|Any CPU
	EndGlobalSection
	GlobalSection(SolutionProperties) = preSolution
		HideSolutionNode = FALSE
	EndGlobalSection
EndGlobal